Microsoft Visual Studio Solution File, Format Version 12.00
# Visual Studio Version 17
VisualStudioVersion = 17.0.31903.59
MinimumVisualStudioVersion = 10.0.40219.1
Project("{FAE04EC0-301F-11D3-BF4B-00C04F79EFBC}") = "Jobb.Core", "Jobb.Core\Jobb.Core.csproj", "{06C8A4C6-BEA6-4994-AA6B-56D44F3CCC33}"
EndProject
Project("{FAE04EC0-301F-11D3-BF4B-00C04F79EFBC}") = "Jobb.CliClient", "Jobb.CliClient\Jobb.CliClient.csproj", "{43ADC37B-9D90-40F1-8889-A048164A84C6}"
EndProject
Project("{FAE04EC0-301F-11D3-BF4B-00C04F79EFBC}") = "Jobb.Generator", "Jobb.Generator\Jobb.Generator.csproj", "{B056B82E-AB46-4F31-ABDE-21C874471766}"
EndProject
Global
	GlobalSection(SolutionConfigurationPlatforms) = preSolution
		Debug|Any CPU = Debug|Any CPU
		Release|Any CPU = Release|Any CPU
	EndGlobalSection
	GlobalSection(ProjectConfigurationPlatforms) = postSolution
		{06C8A4C6-BEA6-4994-AA6B-56D44F3CCC33}.Debug|Any CPU.ActiveCfg = Debug|Any CPU
		{06C8A4C6-BEA6-4994-AA6B-56D44F3CCC33}.Debug|Any CPU.Build.0 = Debug|Any CPU
		{06C8A4C6-BEA6-4994-AA6B-56D44F3CCC33}.Release|Any CPU.ActiveCfg = Release|Any CPU
		{06C8A4C6-BEA6-4994-AA6B-56D44F3CCC33}.Release|Any CPU.Build.0 = Release|Any CPU
		{43ADC37B-9D90-40F1-8889-A048164A84C6}.Debug|Any CPU.ActiveCfg = Debug|Any CPU
		{43ADC37B-9D90-40F1-8889-A048164A84C6}.Debug|Any CPU.Build.0 = Debug|Any CPU
		{43ADC37B-9D90-40F1-8889-A048164A84C6}.Release|Any CPU.ActiveCfg = Release|Any CPU
		{43ADC37B-9D90-40F1-8889-A048164A84C6}.Release|Any CPU.Build.0 = Release|Any CPU
		{B056B82E-AB46-4F31-ABDE-21C874471766}.Debug|Any CPU.ActiveCfg = Debug|Any CPU
		{B056B82E-AB46-4F31-ABDE-21C874471766}.Debug|Any CPU.Build.0 = Debug|Any CPU
		{B056B82E-AB46-4F31-ABDE-21C874471766}.Release|Any CPU.ActiveCfg = Release|Any CPU
		{B056B82E-AB46-4F31-ABDE-21C874471766}.Release|Any CPU.Build.0 = Release|Any CPU
	EndGlobalSection
	GlobalSection(SolutionProperties) = preSolution
		HideSolutionNode = FALSE
	EndGlobalSection
	GlobalSection(ExtensibilityGlobals) = postSolution
		SolutionGuid = {35119C4F-F2A0-4A15-B662-3177834C7E22}
	EndGlobalSection
EndGlobal
